// !$*UTF8*$!
{
	archiveVersion = 1;
	classes = {
	};
	objectVersion = 56;
	objects = {

/* Begin PBXBuildFile section */
		B3C6A95929BA615F00AA1526 /* AppDelegate.swift in Sources */ = {isa = PBXBuildFile; fileRef = B3C6A95829BA615F00AA1526 /* AppDelegate.swift */; };
		B3C6A95B29BA615F00AA1526 /* SceneDelegate.swift in Sources */ = {isa = PBXBuildFile; fileRef = B3C6A95A29BA615F00AA1526 /* SceneDelegate.swift */; };
		B3C6A95D29BA615F00AA1526 /* MovieViewController.swift in Sources */ = {isa = PBXBuildFile; fileRef = B3C6A95C29BA615F00AA1526 /* MovieViewController.swift */; };
		B3C6A96029BA615F00AA1526 /* Main.storyboard in Resources */ = {isa = PBXBuildFile; fileRef = B3C6A95E29BA615F00AA1526 /* Main.storyboard */; };
		B3C6A96229BA616000AA1526 /* Assets.xcassets in Resources */ = {isa = PBXBuildFile; fileRef = B3C6A96129BA616000AA1526 /* Assets.xcassets */; };
		B3C6A96529BA616000AA1526 /* LaunchScreen.storyboard in Resources */ = {isa = PBXBuildFile; fileRef = B3C6A96329BA616000AA1526 /* LaunchScreen.storyboard */; };
		B3C6A96E29BA625B00AA1526 /* Movies.swift in Sources */ = {isa = PBXBuildFile; fileRef = B3C6A96D29BA625B00AA1526 /* Movies.swift */; };
		B3C6A97029BA62C700AA1526 /* DetailViewController.swift in Sources */ = {isa = PBXBuildFile; fileRef = B3C6A96F29BA62C700AA1526 /* DetailViewController.swift */; };
		B3C6A97229BA631F00AA1526 /* MovieCell.swift in Sources */ = {isa = PBXBuildFile; fileRef = B3C6A97129BA631F00AA1526 /* MovieCell.swift */; };
		B3C6A97B29BA662700AA1526 /* Nuke in Frameworks */ = {isa = PBXBuildFile; productRef = B3C6A97A29BA662700AA1526 /* Nuke */; };
/* End PBXBuildFile section */

/* Begin PBXFileReference section */
		B3C6A95529BA615F00AA1526 /* Flixster Pt. 2.app */ = {isa = PBXFileReference; explicitFileType = wrapper.application; includeInIndex = 0; path = "Flixster Pt. 2.app"; sourceTree = BUILT_PRODUCTS_DIR; };
		B3C6A95829BA615F00AA1526 /* AppDelegate.swift */ = {isa = PBXFileReference; lastKnownFileType = sourcecode.swift; path = AppDelegate.swift; sourceTree = "<group>"; };
		B3C6A95A29BA615F00AA1526 /* SceneDelegate.swift */ = {isa = PBXFileReference; lastKnownFileType = sourcecode.swift; path = SceneDelegate.swift; sourceTree = "<group>"; };
		B3C6A95C29BA615F00AA1526 /* MovieViewController.swift */ = {isa = PBXFileReference; lastKnownFileType = sourcecode.swift; path = MovieViewController.swift; sourceTree = "<group>"; };
		B3C6A95F29BA615F00AA1526 /* Base */ = {isa = PBXFileReference; lastKnownFileType = file.storyboard; name = Base; path = Base.lproj/Main.storyboard; sourceTree = "<group>"; };
		B3C6A96129BA616000AA1526 /* Assets.xcassets */ = {isa = PBXFileReference; lastKnownFileType = folder.assetcatalog; path = Assets.xcassets; sourceTree = "<group>"; };
		B3C6A96429BA616000AA1526 /* Base */ = {isa = PBXFileReference; lastKnownFileType = file.storyboard; name = Base; path = Base.lproj/LaunchScreen.storyboard; sourceTree = "<group>"; };
		B3C6A96629BA616000AA1526 /* Info.plist */ = {isa = PBXFileReference; lastKnownFileType = text.plist.xml; path = Info.plist; sourceTree = "<group>"; };
		B3C6A96D29BA625B00AA1526 /* Movies.swift */ = {isa = PBXFileReference; lastKnownFileType = sourcecode.swift; path = Movies.swift; sourceTree = "<group>"; };
		B3C6A96F29BA62C700AA1526 /* DetailViewController.swift */ = {isa = PBXFileReference; lastKnownFileType = sourcecode.swift; path = DetailViewController.swift; sourceTree = "<group>"; };
		B3C6A97129BA631F00AA1526 /* MovieCell.swift */ = {isa = PBXFileReference; lastKnownFileType = sourcecode.swift; path = MovieCell.swift; sourceTree = "<group>"; };
/* End PBXFileReference section */

/* Begin PBXFrameworksBuildPhase section */
		B3C6A95229BA615F00AA1526 /* Frameworks */ = {
			isa = PBXFrameworksBuildPhase;
			buildActionMask = 2147483647;
			files = (
				B3C6A97B29BA662700AA1526 /* Nuke in Frameworks */,
			);
			runOnlyForDeploymentPostprocessing = 0;
		};
/* End PBXFrameworksBuildPhase section */

/* Begin PBXGroup section */
		B3C6A94C29BA615F00AA1526 = {
			isa = PBXGroup;
			children = (
				B3C6A95729BA615F00AA1526 /* Flixster Pt. 2 */,
				B3C6A95629BA615F00AA1526 /* Products */,
			);
			sourceTree = "<group>";
		};
		B3C6A95629BA615F00AA1526 /* Products */ = {
			isa = PBXGroup;
			children = (
				B3C6A95529BA615F00AA1526 /* Flixster Pt. 2.app */,
			);
			name = Products;
			sourceTree = "<group>";
		};
		B3C6A95729BA615F00AA1526 /* Flixster Pt. 2 */ = {
			isa = PBXGroup;
			children = (
				B3C6A96C29BA623600AA1526 /* Models */,
				B3C6A95829BA615F00AA1526 /* AppDelegate.swift */,
				B3C6A95A29BA615F00AA1526 /* SceneDelegate.swift */,
				B3C6A95C29BA615F00AA1526 /* MovieViewController.swift */,
				B3C6A95E29BA615F00AA1526 /* Main.storyboard */,
				B3C6A96129BA616000AA1526 /* Assets.xcassets */,
				B3C6A96329BA616000AA1526 /* LaunchScreen.storyboard */,
				B3C6A96629BA616000AA1526 /* Info.plist */,
				B3C6A96F29BA62C700AA1526 /* DetailViewController.swift */,
				B3C6A97129BA631F00AA1526 /* MovieCell.swift */,
			);
			path = "Flixster Pt. 2";
			sourceTree = "<group>";
		};
		B3C6A96C29BA623600AA1526 /* Models */ = {
			isa = PBXGroup;
			children = (
				B3C6A96D29BA625B00AA1526 /* Movies.swift */,
			);
			path = Models;
			sourceTree = "<group>";
		};
/* End PBXGroup section */

/* Begin PBXNativeTarget section */
		B3C6A95429BA615F00AA1526 /* Flixster Pt. 2 */ = {
			isa = PBXNativeTarget;
			buildConfigurationList = B3C6A96929BA616000AA1526 /* Build configuration list for PBXNativeTarget "Flixster Pt. 2" */;
			buildPhases = (
				B3C6A95129BA615F00AA1526 /* Sources */,
				B3C6A95229BA615F00AA1526 /* Frameworks */,
				B3C6A95329BA615F00AA1526 /* Resources */,
			);
			buildRules = (
			);
			dependencies = (
			);
			name = "Flixster Pt. 2";
			packageProductDependencies = (
				B3C6A97A29BA662700AA1526 /* Nuke */,
			);
			productName = "Flixster Pt. 2";
			productReference = B3C6A95529BA615F00AA1526 /* Flixster Pt. 2.app */;
			productType = "com.apple.product-type.application";
		};
/* End PBXNativeTarget section */

/* Begin PBXProject section */
		B3C6A94D29BA615F00AA1526 /* Project object */ = {
			isa = PBXProject;
			attributes = {
				BuildIndependentTargetsInParallel = 1;
				LastSwiftUpdateCheck = 1420;
				LastUpgradeCheck = 1420;
				TargetAttributes = {
					B3C6A95429BA615F00AA1526 = {
						CreatedOnToolsVersion = 14.2;
					};
				};
			};
			buildConfigurationList = B3C6A95029BA615F00AA1526 /* Build configuration list for PBXProject "Flixster Pt. 2" */;
			compatibilityVersion = "Xcode 14.0";
			developmentRegion = en;
			hasScannedForEncodings = 0;
			knownRegions = (
				en,
				Base,
			);
			mainGroup = B3C6A94C29BA615F00AA1526;
			packageReferences = (
				B3C6A97929BA662700AA1526 /* XCRemoteSwiftPackageReference "Nuke" */,
			);
			productRefGroup = B3C6A95629BA615F00AA1526 /* Products */;
			projectDirPath = "";
			projectRoot = "";
			targets = (
				B3C6A95429BA615F00AA1526 /* Flixster Pt. 2 */,
			);
		};
/* End PBXProject section */

/* Begin PBXResourcesBuildPhase section */
		B3C6A95329BA615F00AA1526 /* Resources */ = {
			isa = PBXResourcesBuildPhase;
			buildActionMask = 2147483647;
			files = (
				B3C6A96529BA616000AA1526 /* LaunchScreen.storyboard in Resources */,
				B3C6A96229BA616000AA1526 /* Assets.xcassets in Resources */,
				B3C6A96029BA615F00AA1526 /* Main.storyboard in Resources */,
			);
			runOnlyForDeploymentPostprocessing = 0;
		};
/* End PBXResourcesBuildPhase section */

/* Begin PBXSourcesBuildPhase section */
		B3C6A95129BA615F00AA1526 /* Sources */ = {
			isa = PBXSourcesBuildPhase;
			buildActionMask = 2147483647;
			files = (
				B3C6A95D29BA615F00AA1526 /* MovieViewController.swift in Sources */,
				B3C6A95929BA615F00AA1526 /* AppDelegate.swift in Sources */,
				B3C6A97229BA631F00AA1526 /* MovieCell.swift in Sources */,
				B3C6A97029BA62C700AA1526 /* DetailViewController.swift in Sources */,
				B3C6A96E29BA625B00AA1526 /* Movies.swift in Sources */,
				B3C6A95B29BA615F00AA1526 /* SceneDelegate.swift in Sources */,
			);
			runOnlyForDeploymentPostprocessing = 0;
		};
/* End PBXSourcesBuildPhase section */

/* Begin PBXVariantGroup section */
		B3C6A95E29BA615F00AA1526 /* Main.storyboard */ = {
			isa = PBXVariantGroup;
			children = (
				B3C6A95F29BA615F00AA1526 /* Base */,
			);
			name = Main.storyboard;
			sourceTree = "<group>";
		};
		B3C6A96329BA616000AA1526 /* LaunchScreen.storyboard */ = {
			isa = PBXVariantGroup;
			children = (
				B3C6A96429BA616000AA1526 /* Base */,
			);
			name = LaunchScreen.storyboard;
			sourceTree = "<group>";
		};
/* End PBXVariantGroup section */

/* Begin XCBuildConfiguration section */
		B3C6A96729BA616000AA1526 /* Debug */ = {
			isa = XCBuildConfiguration;
			buildSettings = {
				ALWAYS_SEARCH_USER_PATHS = NO;
				CLANG_ANALYZER_NONNULL = YES;
				CLANG_ANALYZER_NUMBER_OBJECT_CONVERSION = YES_AGGRESSIVE;
				CLANG_CXX_LANGUAGE_STANDARD = "gnu++20";
				CLANG_ENABLE_MODULES = YES;
				CLANG_ENABLE_OBJC_ARC = YES;
				CLANG_ENABLE_OBJC_WEAK = YES;
				CLANG_WARN_BLOCK_CAPTURE_AUTORELEASING = YES;
				CLANG_WARN_BOOL_CONVERSION = YES;
				CLANG_WARN_COMMA = YES;
				CLANG_WARN_CONSTANT_CONVERSION = YES;
				CLANG_WARN_DEPRECATED_OBJC_IMPLEMENTATIONS = YES;
				CLANG_WARN_DIRECT_OBJC_ISA_USAGE = YES_ERROR;
				CLANG_WARN_DOCUMENTATION_COMMENTS = YES;
				CLANG_WARN_EMPTY_BODY = YES;
				CLANG_WARN_ENUM_CONVERSION = YES;
				CLANG_WARN_INFINITE_RECURSION = YES;
				CLANG_WARN_INT_CONVERSION = YES;
				CLANG_WARN_NON_LITERAL_NULL_CONVERSION = YES;
				CLANG_WARN_OBJC_IMPLICIT_RETAIN_SELF = YES;
				CLANG_WARN_OBJC_LITERAL_CONVERSION = YES;
				CLANG_WARN_OBJC_ROOT_CLASS = YES_ERROR;
				CLANG_WARN_QUOTED_INCLUDE_IN_FRAMEWORK_HEADER = YES;
				CLANG_WARN_RANGE_LOOP_ANALYSIS = YES;
				CLANG_WARN_STRICT_PROTOTYPES = YES;
				CLANG_WARN_SUSPICIOUS_MOVE = YES;
				CLANG_WARN_UNGUARDED_AVAILABILITY = YES_AGGRESSIVE;
				CLANG_WARN_UNREACHABLE_CODE = YES;
				CLANG_WARN__DUPLICATE_METHOD_MATCH = YES;
				COPY_PHASE_STRIP = NO;
				DEBUG_INFORMATION_FORMAT = dwarf;
				ENABLE_STRICT_OBJC_MSGSEND = YES;
				ENABLE_TESTABILITY = YES;
				GCC_C_LANGUAGE_STANDARD = gnu11;
				GCC_DYNAMIC_NO_PIC = NO;
				GCC_NO_COMMON_BLOCKS = YES;
				GCC_OPTIMIZATION_LEVEL = 0;
				GCC_PREPROCESSOR_DEFINITIONS = (
					"DEBUG=1",
					"$(inherited)",
				);
				GCC_WARN_64_TO_32_BIT_CONVERSION = YES;
				GCC_WARN_ABOUT_RETURN_TYPE = YES_ERROR;
				GCC_WARN_UNDECLARED_SELECTOR = YES;
				GCC_WARN_UNINITIALIZED_AUTOS = YES_AGGRESSIVE;
				GCC_WARN_UNUSED_FUNCTION = YES;
				GCC_WARN_UNUSED_VARIABLE = YES;
				IPHONEOS_DEPLOYMENT_TARGET = 16.2;
				MTL_ENABLE_DEBUG_INFO = INCLUDE_SOURCE;
				MTL_FAST_MATH = YES;
				ONLY_ACTIVE_ARCH = YES;
				SDKROOT = iphoneos;
				SWIFT_ACTIVE_COMPILATION_CONDITIONS = DEBUG;
				SWIFT_OPTIMIZATION_LEVEL = "-Onone";
			};
			name = Debug;
		};
		B3C6A96829BA616000AA1526 /* Release */ = {
			isa = XCBuildConfiguration;
			buildSettings = {
				ALWAYS_SEARCH_USER_PATHS = NO;
				CLANG_ANALYZER_NONNULL = YES;
				CLANG_ANALYZER_NUMBER_OBJECT_CONVERSION = YES_AGGRESSIVE;
				CLANG_CXX_LANGUAGE_STANDARD = "gnu++20";
				CLANG_ENABLE_MODULES = YES;
				CLANG_ENABLE_OBJC_ARC = YES;
				CLANG_ENABLE_OBJC_WEAK = YES;
				CLANG_WARN_BLOCK_CAPTURE_AUTORELEASING = YES;
				CLANG_WARN_BOOL_CONVERSION = YES;
				CLANG_WARN_COMMA = YES;
				CLANG_WARN_CONSTANT_CONVERSION = YES;
				CLANG_WARN_DEPRECATED_OBJC_IMPLEMENTATIONS = YES;
				CLANG_WARN_DIRECT_OBJC_ISA_USAGE = YES_ERROR;
				CLANG_WARN_DOCUMENTATION_COMMENTS = YES;
				CLANG_WARN_EMPTY_BODY = YES;
				CLANG_WARN_ENUM_CONVERSION = YES;
				CLANG_WARN_INFINITE_RECURSION = YES;
				CLANG_WARN_INT_CONVERSION = YES;
				CLANG_WARN_NON_LITERAL_NULL_CONVERSION = YES;
				CLANG_WARN_OBJC_IMPLICIT_RETAIN_SELF = YES;
				CLANG_WARN_OBJC_LITERAL_CONVERSION = YES;
				CLANG_WARN_OBJC_ROOT_CLASS = YES_ERROR;
				CLANG_WARN_QUOTED_INCLUDE_IN_FRAMEWORK_HEADER = YES;
				CLANG_WARN_RANGE_LOOP_ANALYSIS = YES;
				CLANG_WARN_STRICT_PROTOTYPES = YES;
				CLANG_WARN_SUSPICIOUS_MOVE = YES;
				CLANG_WARN_UNGUARDED_AVAILABILITY = YES_AGGRESSIVE;
				CLANG_WARN_UNREACHABLE_CODE = YES;
				CLANG_WARN__DUPLICATE_METHOD_MATCH = YES;
				COPY_PHASE_STRIP = NO;
				DEBUG_INFORMATION_FORMAT = "dwarf-with-dsym";
				ENABLE_NS_ASSERTIONS = NO;
				ENABLE_STRICT_OBJC_MSGSEND = YES;
				GCC_C_LANGUAGE_STANDARD = gnu11;
				GCC_NO_COMMON_BLOCKS = YES;
				GCC_WARN_64_TO_32_BIT_CONVERSION = YES;
				GCC_WARN_ABOUT_RETURN_TYPE = YES_ERROR;
				GCC_WARN_UNDECLARED_SELECTOR = YES;
				GCC_WARN_UNINITIALIZED_AUTOS = YES_AGGRESSIVE;
				GCC_WARN_UNUSED_FUNCTION = YES;
				GCC_WARN_UNUSED_VARIABLE = YES;
				IPHONEOS_DEPLOYMENT_TARGET = 16.2;
				MTL_ENABLE_DEBUG_INFO = NO;
				MTL_FAST_MATH = YES;
				SDKROOT = iphoneos;
				SWIFT_COMPILATION_MODE = wholemodule;
				SWIFT_OPTIMIZATION_LEVEL = "-O";
				VALIDATE_PRODUCT = YES;
			};
			name = Release;
		};
		B3C6A96A29BA616000AA1526 /* Debug */ = {
			isa = XCBuildConfiguration;
			buildSettings = {
				ASSETCATALOG_COMPILER_APPICON_NAME = AppIcon;
				ASSETCATALOG_COMPILER_GLOBAL_ACCENT_COLOR_NAME = AccentColor;
				CODE_SIGN_STYLE = Automatic;
				CURRENT_PROJECT_VERSION = 1;
				DEVELOPMENT_TEAM = XFG5L8LD8A;
				GENERATE_INFOPLIST_FILE = YES;
				INFOPLIST_FILE = "Flixster Pt. 2/Info.plist";
				INFOPLIST_KEY_UIApplicationSupportsIndirectInputEvents = YES;
				INFOPLIST_KEY_UILaunchStoryboardName = LaunchScreen;
				INFOPLIST_KEY_UIMainStoryboardFile = Main;
				INFOPLIST_KEY_UISupportedInterfaceOrientations_iPad = "UIInterfaceOrientationPortrait UIInterfaceOrientationPortraitUpsideDown UIInterfaceOrientationLandscapeLeft UIInterfaceOrientationLandscapeRight";
				INFOPLIST_KEY_UISupportedInterfaceOrientations_iPhone = "UIInterfaceOrientationPortrait UIInterfaceOrientationLandscapeLeft UIInterfaceOrientationLandscapeRight";
				LD_RUNPATH_SEARCH_PATHS = (
					"$(inherited)",
					"@executable_path/Frameworks",
				);
				MARKETING_VERSION = 1.0;
				PRODUCT_BUNDLE_IDENTIFIER = "TizzyMatic.Flixster-Pt--2";
				PRODUCT_NAME = "$(TARGET_NAME)";
				SWIFT_EMIT_LOC_STRINGS = YES;
				SWIFT_VERSION = 5.0;
				TARGETED_DEVICE_FAMILY = "1,2";
			};
			name = Debug;
		};
		B3C6A96B29BA616000AA1526 /* Release */ = {
			isa = XCBuildConfiguration;
			buildSettings = {
				ASSETCATALOG_COMPILER_APPICON_NAME = AppIcon;
				ASSETCATALOG_COMPILER_GLOBAL_ACCENT_COLOR_NAME = AccentColor;
				CODE_SIGN_STYLE = Automatic;
				CURRENT_PROJECT_VERSION = 1;
				DEVELOPMENT_TEAM = XFG5L8LD8A;
				GENERATE_INFOPLIST_FILE = YES;
				INFOPLIST_FILE = "Flixster Pt. 2/Info.plist";
				INFOPLIST_KEY_UIApplicationSupportsIndirectInputEvents = YES;
				INFOPLIST_KEY_UILaunchStoryboardName = LaunchScreen;
				INFOPLIST_KEY_UIMainStoryboardFile = Main;
				INFOPLIST_KEY_UISupportedInterfaceOrientations_iPad = "UIInterfaceOrientationPortrait UIInterfaceOrientationPortraitUpsideDown UIInterfaceOrientationLandscapeLeft UIInterfaceOrientationLandscapeRight";
				INFOPLIST_KEY_UISupportedInterfaceOrientations_iPhone = "UIInterfaceOrientationPortrait UIInterfaceOrientationLandscapeLeft UIInterfaceOrientationLandscapeRight";
				LD_RUNPATH_SEARCH_PATHS = (
					"$(inherited)",
					"@executable_path/Frameworks",
				);
				MARKETING_VERSION = 1.0;
				PRODUCT_BUNDLE_IDENTIFIER = "TizzyMatic.Flixster-Pt--2";
				PRODUCT_NAME = "$(TARGET_NAME)";
				SWIFT_EMIT_LOC_STRINGS = YES;
				SWIFT_VERSION = 5.0;
				TARGETED_DEVICE_FAMILY = "1,2";
			};
			name = Release;
		};
/* End XCBuildConfiguration section */

/* Begin XCConfigurationList section */
		B3C6A95029BA615F00AA1526 /* Build configuration list for PBXProject "Flixster Pt. 2" */ = {
			isa = XCConfigurationList;
			buildConfigurations = (
				B3C6A96729BA616000AA1526 /* Debug */,
				B3C6A96829BA616000AA1526 /* Release */,
			);
			defaultConfigurationIsVisible = 0;
			defaultConfigurationName = Release;
		};
		B3C6A96929BA616000AA1526 /* Build configuration list for PBXNativeTarget "Flixster Pt. 2" */ = {
			isa = XCConfigurationList;
			buildConfigurations = (
				B3C6A96A29BA616000AA1526 /* Debug */,
				B3C6A96B29BA616000AA1526 /* Release */,
			);
			defaultConfigurationIsVisible = 0;
			defaultConfigurationName = Release;
		};
/* End XCConfigurationList section */

/* Begin XCRemoteSwiftPackageReference section */
		B3C6A97929BA662700AA1526 /* XCRemoteSwiftPackageReference "Nuke" */ = {
			isa = XCRemoteSwiftPackageReference;
			repositoryURL = "https://github.com/kean/Nuke";
			requirement = {
				kind = upToNextMinorVersion;
				minimumVersion = 9.6.1;
			};
		};
/* End XCRemoteSwiftPackageReference section */

/* Begin XCSwiftPackageProductDependency section */
		B3C6A97A29BA662700AA1526 /* Nuke */ = {
			isa = XCSwiftPackageProductDependency;
			package = B3C6A97929BA662700AA1526 /* XCRemoteSwiftPackageReference "Nuke" */;
			productName = Nuke;
		};
/* End XCSwiftPackageProductDependency section */
	};
	rootObject = B3C6A94D29BA615F00AA1526 /* Project object */;
}
